github.com/fengdotdev/golibs-testing v0.0.3 h1:0Il7ru2epDdn5UW7VlKdNsXxlQgeOZQPRu8P6PgPV2U=
github.com/fengdotdev/golibs-testing v0.0.3/go.mod h1:tNJmVem0VTk/bkRvMyf7/QRrnWTe/CAnkPsb4dFimwY=
github.com/fengdotdev/golibs-testing v0.0.4 h1:xTBMxT4NlQDs+O3zv0styOEuTkvlfQ9Ew1yInsdGlE8=
github.com/fengdotdev/golibs-testing v0.0.4/go.mod h1:tNJmVem0VTk/bkRvMyf7/QRrnWTe/CAnkPsb4dFimwY=
golang.org/x/crypto v0.33.0 h1:IOBPskki6Lysi0lo9qQvbxiQ+FvsCC/YWOecCHAixus=
golang.org/x/crypto v0.33.0/go.mod h1:bVdXmD7IV/4GdElGPozy6U7lWdRXA4qyRVGJV57uQ5M=
